Microsoft Visual Studio Solution File, Format Version 12.00
# Visual Studio 2012
Project("{FAE04EC0-301F-11D3-BF4B-00C04F79EFBC}") = "Natural Disasters Survival The Game CShard Version", "Natural Disasters Survival The Game CShard Version.csproj", "{BB80D321-AD6E-4BD7-982F-264662CBCFA0}"
EndProject
Global
	GlobalSection(SolutionConfigurationPlatforms) = preSolution
	Debug|Any CPU = Debug|Any CPU
	ExportDebug|Any CPU = ExportDebug|Any CPU
	ExportRelease|Any CPU = ExportRelease|Any CPU
	EndGlobalSection
	GlobalSection(ProjectConfigurationPlatforms) = postSolution
		{BB80D321-AD6E-4BD7-982F-264662CBCFA0}.Debug|Any CPU.ActiveCfg = Debug|Any CPU
		{BB80D321-AD6E-4BD7-982F-264662CBCFA0}.Debug|Any CPU.Build.0 = Debug|Any CPU
		{BB80D321-AD6E-4BD7-982F-264662CBCFA0}.ExportDebug|Any CPU.ActiveCfg = ExportDebug|Any CPU
		{BB80D321-AD6E-4BD7-982F-264662CBCFA0}.ExportDebug|Any CPU.Build.0 = ExportDebug|Any CPU
		{BB80D321-AD6E-4BD7-982F-264662CBCFA0}.ExportRelease|Any CPU.ActiveCfg = ExportRelease|Any CPU
		{BB80D321-AD6E-4BD7-982F-264662CBCFA0}.ExportRelease|Any CPU.Build.0 = ExportRelease|Any CPU
	EndGlobalSection
EndGlobal
